{
  "originHash" : "e721da7f9826abdffcb6185e886155efa2514bd6234475f1afa893e29eb258d6",
  "pins" : [
    {
      "identity" : "sparkle",
      "kind" : "remoteSourceControl",
      "location" : "https://github.com/sparkle-project/Sparkle",
      "state" : {
        "branch" : "2.x",
        "revision" : "ee39041587c212e4935a3744308453a0799e89f1"
      }
    }
  ],
  "version" : 3
}
