// !$*UTF8*$!
{
	archiveVersion = 1;
	classes = {
	};
	objectVersion = 56;
	objects = {

/* Begin PBXBuildFile section */
		9356ECCE2F489EB400EA4C62 /* RichTextEditor.swift in Sources */ = {isa = PBXBuildFile; fileRef = 9356ECCD2F489EB400EA4C62 /* RichTextEditor.swift */; };
		9356ECD02F48A72C00EA4C62 /* AppIcon.icon in Resources */ = {isa = PBXBuildFile; fileRef = 9356ECCF2F48A72C00EA4C62 /* AppIcon.icon */; };
		93E3664A2F49045E00C3533E /* Localizable.xcstrings in Resources */ = {isa = PBXBuildFile; fileRef = 93E366492F49045E00C3533E /* Localizable.xcstrings */; };
		93FE2E8229433D7900C07F70 /* ScratchPadApp.swift in Sources */ = {isa = PBXBuildFile; fileRef = 93FE2E8129433D7900C07F70 /* ScratchPadApp.swift */; };
		93FE2E8429433D7900C07F70 /* ContentView.swift in Sources */ = {isa = PBXBuildFile; fileRef = 93FE2E8329433D7900C07F70 /* ContentView.swift */; };
		93FE2E8629433D7B00C07F70 /* Assets.xcassets in Resources */ = {isa = PBXBuildFile; fileRef = 93FE2E8529433D7B00C07F70 /* Assets.xcassets */; };
		93FE2E8929433D7B00C07F70 /* Preview Assets.xcassets in Resources */ = {isa = PBXBuildFile; fileRef = 93FE2E8829433D7B00C07F70 /* Preview Assets.xcassets */; };
		93FE2E9129433E9A00C07F70 /* Toolbar.swift in Sources */ = {isa = PBXBuildFile; fileRef = 93FE2E9029433E9A00C07F70 /* Toolbar.swift */; };
		93FE2E952943415C00C07F70 /* NoteModel.swift in Sources */ = {isa = PBXBuildFile; fileRef = 93FE2E942943415C00C07F70 /* NoteModel.swift */; };
		93FE2E9C29434C1D00C07F70 /* SettingsWindowView.swift in Sources */ = {isa = PBXBuildFile; fileRef = 93FE2E9B29434C1D00C07F70 /* SettingsWindowView.swift */; };
		93FE2E9E29434C5E00C07F70 /* SettingsModel.swift in Sources */ = {isa = PBXBuildFile; fileRef = 93FE2E9D29434C5E00C07F70 /* SettingsModel.swift */; };
		93FE2EA72944959D00C07F70 /* ErrorHandling.swift in Sources */ = {isa = PBXBuildFile; fileRef = 93FE2EA62944959D00C07F70 /* ErrorHandling.swift */; };
		93FE2EA92944A19B00C07F70 /* NoteManager.swift in Sources */ = {isa = PBXBuildFile; fileRef = 93FE2EA82944A19B00C07F70 /* NoteManager.swift */; };
		93FE2EAC2944F66400C07F70 /* ImportView.swift in Sources */ = {isa = PBXBuildFile; fileRef = 93FE2EAB2944F66400C07F70 /* ImportView.swift */; };
		93FE2EB4294541BA00C07F70 /* CommandsModel.swift in Sources */ = {isa = PBXBuildFile; fileRef = 93FE2EB3294541BA00C07F70 /* CommandsModel.swift */; };
		93FE2EBF29465BEA00C07F70 /* WelcomeSheet.swift in Sources */ = {isa = PBXBuildFile; fileRef = 93FE2EBE29465BEA00C07F70 /* WelcomeSheet.swift */; };
/* End PBXBuildFile section */

/* Begin PBXFileReference section */
		9356ECCD2F489EB400EA4C62 /* RichTextEditor.swift */ = {isa = PBXFileReference; lastKnownFileType = sourcecode.swift; path = RichTextEditor.swift; sourceTree = "<group>"; };
		9356ECCF2F48A72C00EA4C62 /* AppIcon.icon */ = {isa = PBXFileReference; lastKnownFileType = folder.iconcomposer.icon; path = AppIcon.icon; sourceTree = "<group>"; };
		93E366492F49045E00C3533E /* Localizable.xcstrings */ = {isa = PBXFileReference; lastKnownFileType = text.json.xcstrings; path = Localizable.xcstrings; sourceTree = "<group>"; };
		93FE2E7E29433D7900C07F70 /* ScratchPad.app */ = {isa = PBXFileReference; explicitFileType = wrapper.application; includeInIndex = 0; path = ScratchPad.app; sourceTree = BUILT_PRODUCTS_DIR; };
		93FE2E8129433D7900C07F70 /* ScratchPadApp.swift */ = {isa = PBXFileReference; lastKnownFileType = sourcecode.swift; path = ScratchPadApp.swift; sourceTree = "<group>"; };
		93FE2E8329433D7900C07F70 /* ContentView.swift */ = {isa = PBXFileReference; lastKnownFileType = sourcecode.swift; path = ContentView.swift; sourceTree = "<group>"; };
		93FE2E8529433D7B00C07F70 /* Assets.xcassets */ = {isa = PBXFileReference; lastKnownFileType = folder.assetcatalog; path = Assets.xcassets; sourceTree = "<group>"; };
		93FE2E8829433D7B00C07F70 /* Preview Assets.xcassets */ = {isa = PBXFileReference; lastKnownFileType = folder.assetcatalog; path = "Preview Assets.xcassets"; sourceTree = "<group>"; };
		93FE2E8A29433D7B00C07F70 /* ScratchPad.entitlements */ = {isa = PBXFileReference; lastKnownFileType = text.plist.entitlements; path = ScratchPad.entitlements; sourceTree = "<group>"; };
		93FE2E9029433E9A00C07F70 /* Toolbar.swift */ = {isa = PBXFileReference; lastKnownFileType = sourcecode.swift; path = Toolbar.swift; sourceTree = "<group>"; };
		93FE2E942943415C00C07F70 /* NoteModel.swift */ = {isa = PBXFileReference; lastKnownFileType = sourcecode.swift; path = NoteModel.swift; sourceTree = "<group>"; };
		93FE2E9B29434C1D00C07F70 /* SettingsWindowView.swift */ = {isa = PBXFileReference; lastKnownFileType = sourcecode.swift; path = SettingsWindowView.swift; sourceTree = "<group>"; };
		93FE2E9D29434C5E00C07F70 /* SettingsModel.swift */ = {isa = PBXFileReference; lastKnownFileType = sourcecode.swift; path = SettingsModel.swift; sourceTree = "<group>"; };
		93FE2EA62944959D00C07F70 /* ErrorHandling.swift */ = {isa = PBXFileReference; lastKnownFileType = sourcecode.swift; path = ErrorHandling.swift; sourceTree = "<group>"; };
		93FE2EA82944A19B00C07F70 /* NoteManager.swift */ = {isa = PBXFileReference; lastKnownFileType = sourcecode.swift; path = NoteManager.swift; sourceTree = "<group>"; };
		93FE2EAB2944F66400C07F70 /* ImportView.swift */ = {isa = PBXFileReference; lastKnownFileType = sourcecode.swift; path = ImportView.swift; sourceTree = "<group>"; };
		93FE2EB3294541BA00C07F70 /* CommandsModel.swift */ = {isa = PBXFileReference; lastKnownFileType = sourcecode.swift; path = CommandsModel.swift; sourceTree = "<group>"; };
		93FE2EB82946514500C07F70 /* Info.plist */ = {isa = PBXFileReference; lastKnownFileType = text.plist; path = Info.plist; sourceTree = "<group>"; };
		93FE2EBE29465BEA00C07F70 /* WelcomeSheet.swift */ = {isa = PBXFileReference; lastKnownFileType = sourcecode.swift; path = WelcomeSheet.swift; sourceTree = "<group>"; };
/* End PBXFileReference section */

/* Begin PBXFrameworksBuildPhase section */
		93FE2E7B29433D7900C07F70 /* Frameworks */ = {
			isa = PBXFrameworksBuildPhase;
			buildActionMask = 2147483647;
			files = (
			);
			runOnlyForDeploymentPostprocessing = 0;
		};
/* End PBXFrameworksBuildPhase section */

/* Begin PBXGroup section */
		93FE2E7529433D7900C07F70 = {
			isa = PBXGroup;
			children = (
				93FE2E8029433D7900C07F70 /* ScratchPad */,
				93FE2E7F29433D7900C07F70 /* Products */,
			);
			sourceTree = "<group>";
		};
		93FE2E7F29433D7900C07F70 /* Products */ = {
			isa = PBXGroup;
			children = (
				93FE2E7E29433D7900C07F70 /* ScratchPad.app */,
			);
			name = Products;
			sourceTree = "<group>";
		};
		93FE2E8029433D7900C07F70 /* ScratchPad */ = {
			isa = PBXGroup;
			children = (
				93FE2EB82946514500C07F70 /* Info.plist */,
				93FE2E8129433D7900C07F70 /* ScratchPadApp.swift */,
				93FE2EB3294541BA00C07F70 /* CommandsModel.swift */,
				93FE2E8329433D7900C07F70 /* ContentView.swift */,
				93FE2EBE29465BEA00C07F70 /* WelcomeSheet.swift */,
				93E366492F49045E00C3533E /* Localizable.xcstrings */,
				93FE2E9F29434CAE00C07F70 /* Notes */,
				93FE2E9A29434C0900C07F70 /* Settings */,
				93FE2EAA2944F65100C07F70 /* Import */,
				93FE2EA52944958F00C07F70 /* Lib */,
				93FE2E8529433D7B00C07F70 /* Assets.xcassets */,
				93FE2E8A29433D7B00C07F70 /* ScratchPad.entitlements */,
				93FE2E8729433D7B00C07F70 /* Preview Content */,
				9356ECCF2F48A72C00EA4C62 /* AppIcon.icon */,
			);
			path = ScratchPad;
			sourceTree = "<group>";
		};
		93FE2E8729433D7B00C07F70 /* Preview Content */ = {
			isa = PBXGroup;
			children = (
				93FE2E8829433D7B00C07F70 /* Preview Assets.xcassets */,
			);
			path = "Preview Content";
			sourceTree = "<group>";
		};
		93FE2E9A29434C0900C07F70 /* Settings */ = {
			isa = PBXGroup;
			children = (
				93FE2E9B29434C1D00C07F70 /* SettingsWindowView.swift */,
				93FE2E9D29434C5E00C07F70 /* SettingsModel.swift */,
			);
			path = Settings;
			sourceTree = "<group>";
		};
		93FE2E9F29434CAE00C07F70 /* Notes */ = {
			isa = PBXGroup;
			children = (
				93FE2E9029433E9A00C07F70 /* Toolbar.swift */,
				93FE2E942943415C00C07F70 /* NoteModel.swift */,
				93FE2EA82944A19B00C07F70 /* NoteManager.swift */,
				9356ECCD2F489EB400EA4C62 /* RichTextEditor.swift */,
			);
			path = Notes;
			sourceTree = "<group>";
		};
		93FE2EA52944958F00C07F70 /* Lib */ = {
			isa = PBXGroup;
			children = (
				93FE2EA62944959D00C07F70 /* ErrorHandling.swift */,
			);
			path = Lib;
			sourceTree = "<group>";
		};
		93FE2EAA2944F65100C07F70 /* Import */ = {
			isa = PBXGroup;
			children = (
				93FE2EAB2944F66400C07F70 /* ImportView.swift */,
			);
			path = Import;
			sourceTree = "<group>";
		};
/* End PBXGroup section */

/* Begin PBXNativeTarget section */
		93FE2E7D29433D7900C07F70 /* ScratchPad */ = {
			isa = PBXNativeTarget;
			buildConfigurationList = 93FE2E8D29433D7B00C07F70 /* Build configuration list for PBXNativeTarget "ScratchPad" */;
			buildPhases = (
				93FE2E7A29433D7900C07F70 /* Sources */,
				93FE2E7B29433D7900C07F70 /* Frameworks */,
				93FE2E7C29433D7900C07F70 /* Resources */,
			);
			buildRules = (
			);
			dependencies = (
			);
			name = ScratchPad;
			packageProductDependencies = (
			);
			productName = ScratchPad;
			productReference = 93FE2E7E29433D7900C07F70 /* ScratchPad.app */;
			productType = "com.apple.product-type.application";
		};
/* End PBXNativeTarget section */

/* Begin PBXProject section */
		93FE2E7629433D7900C07F70 /* Project object */ = {
			isa = PBXProject;
			attributes = {
				BuildIndependentTargetsInParallel = 1;
				LastSwiftUpdateCheck = 1410;
				LastUpgradeCheck = 2620;
				TargetAttributes = {
					93FE2E7D29433D7900C07F70 = {
						CreatedOnToolsVersion = 14.1;
					};
				};
			};
			buildConfigurationList = 93FE2E7929433D7900C07F70 /* Build configuration list for PBXProject "ScratchPad" */;
			compatibilityVersion = "Xcode 14.0";
			developmentRegion = en;
			hasScannedForEncodings = 0;
			knownRegions = (
				en,
				Base,
				de,
				fr,
				nl,
				ja,
				es,
				it,
				ru,
				"zh-Hant",
			);
			mainGroup = 93FE2E7529433D7900C07F70;
			packageReferences = (
			);
			productRefGroup = 93FE2E7F29433D7900C07F70 /* Products */;
			projectDirPath = "";
			projectRoot = "";
			targets = (
				93FE2E7D29433D7900C07F70 /* ScratchPad */,
			);
		};
/* End PBXProject section */

/* Begin PBXResourcesBuildPhase section */
		93FE2E7C29433D7900C07F70 /* Resources */ = {
			isa = PBXResourcesBuildPhase;
			buildActionMask = 2147483647;
			files = (
				93FE2E8929433D7B00C07F70 /* Preview Assets.xcassets in Resources */,
				93FE2E8629433D7B00C07F70 /* Assets.xcassets in Resources */,
				93E3664A2F49045E00C3533E /* Localizable.xcstrings in Resources */,
				9356ECD02F48A72C00EA4C62 /* AppIcon.icon in Resources */,
			);
			runOnlyForDeploymentPostprocessing = 0;
		};
/* End PBXResourcesBuildPhase section */

/* Begin PBXSourcesBuildPhase section */
		93FE2E7A29433D7900C07F70 /* Sources */ = {
			isa = PBXSourcesBuildPhase;
			buildActionMask = 2147483647;
			files = (
				93FE2EA72944959D00C07F70 /* ErrorHandling.swift in Sources */,
				93FE2EB4294541BA00C07F70 /* CommandsModel.swift in Sources */,
				93FE2E9E29434C5E00C07F70 /* SettingsModel.swift in Sources */,
				93FE2E952943415C00C07F70 /* NoteModel.swift in Sources */,
				93FE2E9129433E9A00C07F70 /* Toolbar.swift in Sources */,
				93FE2EBF29465BEA00C07F70 /* WelcomeSheet.swift in Sources */,
				9356ECCE2F489EB400EA4C62 /* RichTextEditor.swift in Sources */,
				93FE2EAC2944F66400C07F70 /* ImportView.swift in Sources */,
				93FE2EA92944A19B00C07F70 /* NoteManager.swift in Sources */,
				93FE2E8429433D7900C07F70 /* ContentView.swift in Sources */,
				93FE2E8229433D7900C07F70 /* ScratchPadApp.swift in Sources */,
				93FE2E9C29434C1D00C07F70 /* SettingsWindowView.swift in Sources */,
			);
			runOnlyForDeploymentPostprocessing = 0;
		};
/* End PBXSourcesBuildPhase section */

/* Begin XCBuildConfiguration section */
		93FE2E8B29433D7B00C07F70 /* Debug */ = {
			isa = XCBuildConfiguration;
			buildSettings = {
				ALWAYS_SEARCH_USER_PATHS = NO;
				ASSETCATALOG_COMPILER_GENERATE_SWIFT_ASSET_SYMBOL_EXTENSIONS = YES;
				CLANG_ANALYZER_NONNULL = YES;
				CLANG_ANALYZER_NUMBER_OBJECT_CONVERSION = YES_AGGRESSIVE;
				CLANG_CXX_LANGUAGE_STANDARD = "gnu++20";
				CLANG_ENABLE_MODULES = YES;
				CLANG_ENABLE_OBJC_ARC = YES;
				CLANG_ENABLE_OBJC_WEAK = YES;
				CLANG_WARN_BLOCK_CAPTURE_AUTORELEASING = YES;
				CLANG_WARN_BOOL_CONVERSION = YES;
				CLANG_WARN_COMMA = YES;
				CLANG_WARN_CONSTANT_CONVERSION = YES;
				CLANG_WARN_DEPRECATED_OBJC_IMPLEMENTATIONS = YES;
				CLANG_WARN_DIRECT_OBJC_ISA_USAGE = YES_ERROR;
				CLANG_WARN_DOCUMENTATION_COMMENTS = YES;
				CLANG_WARN_EMPTY_BODY = YES;
				CLANG_WARN_ENUM_CONVERSION = YES;
				CLANG_WARN_INFINITE_RECURSION = YES;
				CLANG_WARN_INT_CONVERSION = YES;
				CLANG_WARN_NON_LITERAL_NULL_CONVERSION = YES;
				CLANG_WARN_OBJC_IMPLICIT_RETAIN_SELF = YES;
				CLANG_WARN_OBJC_LITERAL_CONVERSION = YES;
				CLANG_WARN_OBJC_ROOT_CLASS = YES_ERROR;
				CLANG_WARN_QUOTED_INCLUDE_IN_FRAMEWORK_HEADER = YES;
				CLANG_WARN_RANGE_LOOP_ANALYSIS = YES;
				CLANG_WARN_STRICT_PROTOTYPES = YES;
				CLANG_WARN_SUSPICIOUS_MOVE = YES;
				CLANG_WARN_UNGUARDED_AVAILABILITY = YES_AGGRESSIVE;
				CLANG_WARN_UNREACHABLE_CODE = YES;
				CLANG_WARN__DUPLICATE_METHOD_MATCH = YES;
				COPY_PHASE_STRIP = NO;
				DEAD_CODE_STRIPPING = YES;
				DEBUG_INFORMATION_FORMAT = dwarf;
				DEVELOPMENT_TEAM = MMG5EY7EYL;
				ENABLE_STRICT_OBJC_MSGSEND = YES;
				ENABLE_TESTABILITY = YES;
				ENABLE_USER_SCRIPT_SANDBOXING = YES;
				GCC_C_LANGUAGE_STANDARD = gnu11;
				GCC_DYNAMIC_NO_PIC = NO;
				GCC_NO_COMMON_BLOCKS = YES;
				GCC_OPTIMIZATION_LEVEL = 0;
				GCC_PREPROCESSOR_DEFINITIONS = (
					"DEBUG=1",
					"$(inherited)",
				);
				GCC_WARN_64_TO_32_BIT_CONVERSION = YES;
				GCC_WARN_ABOUT_RETURN_TYPE = YES_ERROR;
				GCC_WARN_UNDECLARED_SELECTOR = YES;
				GCC_WARN_UNINITIALIZED_AUTOS = YES_AGGRESSIVE;
				GCC_WARN_UNUSED_FUNCTION = YES;
				GCC_WARN_UNUSED_VARIABLE = YES;
				MACOSX_DEPLOYMENT_TARGET = 12.0;
				MTL_ENABLE_DEBUG_INFO = INCLUDE_SOURCE;
				MTL_FAST_MATH = YES;
				ONLY_ACTIVE_ARCH = YES;
				SDKROOT = macosx;
				STRING_CATALOG_GENERATE_SYMBOLS = YES;
				SWIFT_ACTIVE_COMPILATION_CONDITIONS = DEBUG;
				SWIFT_EMIT_LOC_STRINGS = YES;
				SWIFT_OPTIMIZATION_LEVEL = "-Onone";
			};
			name = Debug;
		};
		93FE2E8C29433D7B00C07F70 /* Release */ = {
			isa = XCBuildConfiguration;
			buildSettings = {
				ALWAYS_SEARCH_USER_PATHS = NO;
				ASSETCATALOG_COMPILER_GENERATE_SWIFT_ASSET_SYMBOL_EXTENSIONS = YES;
				CLANG_ANALYZER_NONNULL = YES;
				CLANG_ANALYZER_NUMBER_OBJECT_CONVERSION = YES_AGGRESSIVE;
				CLANG_CXX_LANGUAGE_STANDARD = "gnu++20";
				CLANG_ENABLE_MODULES = YES;
				CLANG_ENABLE_OBJC_ARC = YES;
				CLANG_ENABLE_OBJC_WEAK = YES;
				CLANG_WARN_BLOCK_CAPTURE_AUTORELEASING = YES;
				CLANG_WARN_BOOL_CONVERSION = YES;
				CLANG_WARN_COMMA = YES;
				CLANG_WARN_CONSTANT_CONVERSION = YES;
				CLANG_WARN_DEPRECATED_OBJC_IMPLEMENTATIONS = YES;
				CLANG_WARN_DIRECT_OBJC_ISA_USAGE = YES_ERROR;
				CLANG_WARN_DOCUMENTATION_COMMENTS = YES;
				CLANG_WARN_EMPTY_BODY = YES;
				CLANG_WARN_ENUM_CONVERSION = YES;
				CLANG_WARN_INFINITE_RECURSION = YES;
				CLANG_WARN_INT_CONVERSION = YES;
				CLANG_WARN_NON_LITERAL_NULL_CONVERSION = YES;
				CLANG_WARN_OBJC_IMPLICIT_RETAIN_SELF = YES;
				CLANG_WARN_OBJC_LITERAL_CONVERSION = YES;
				CLANG_WARN_OBJC_ROOT_CLASS = YES_ERROR;
				CLANG_WARN_QUOTED_INCLUDE_IN_FRAMEWORK_HEADER = YES;
				CLANG_WARN_RANGE_LOOP_ANALYSIS = YES;
				CLANG_WARN_STRICT_PROTOTYPES = YES;
				CLANG_WARN_SUSPICIOUS_MOVE = YES;
				CLANG_WARN_UNGUARDED_AVAILABILITY = YES_AGGRESSIVE;
				CLANG_WARN_UNREACHABLE_CODE = YES;
				CLANG_WARN__DUPLICATE_METHOD_MATCH = YES;
				COPY_PHASE_STRIP = NO;
				DEAD_CODE_STRIPPING = YES;
				DEBUG_INFORMATION_FORMAT = "dwarf-with-dsym";
				DEVELOPMENT_TEAM = MMG5EY7EYL;
				ENABLE_NS_ASSERTIONS = NO;
				ENABLE_STRICT_OBJC_MSGSEND = YES;
				ENABLE_USER_SCRIPT_SANDBOXING = YES;
				GCC_C_LANGUAGE_STANDARD = gnu11;
				GCC_NO_COMMON_BLOCKS = YES;
				GCC_WARN_64_TO_32_BIT_CONVERSION = YES;
				GCC_WARN_ABOUT_RETURN_TYPE = YES_ERROR;
				GCC_WARN_UNDECLARED_SELECTOR = YES;
				GCC_WARN_UNINITIALIZED_AUTOS = YES_AGGRESSIVE;
				GCC_WARN_UNUSED_FUNCTION = YES;
				GCC_WARN_UNUSED_VARIABLE = YES;
				MACOSX_DEPLOYMENT_TARGET = 12.0;
				MTL_ENABLE_DEBUG_INFO = NO;
				MTL_FAST_MATH = YES;
				SDKROOT = macosx;
				STRING_CATALOG_GENERATE_SYMBOLS = YES;
				SWIFT_COMPILATION_MODE = wholemodule;
				SWIFT_EMIT_LOC_STRINGS = YES;
				SWIFT_OPTIMIZATION_LEVEL = "-O";
			};
			name = Release;
		};
		93FE2E8E29433D7B00C07F70 /* Debug */ = {
			isa = XCBuildConfiguration;
			buildSettings = {
				ASSETCATALOG_COMPILER_APPICON_NAME = AppIcon;
				ASSETCATALOG_COMPILER_GLOBAL_ACCENT_COLOR_NAME = AccentColor;
				CODE_SIGN_ENTITLEMENTS = ScratchPad/ScratchPad.entitlements;
				CODE_SIGN_STYLE = Automatic;
				COMBINE_HIDPI_IMAGES = YES;
				CURRENT_PROJECT_VERSION = 20262002.2;
				DEAD_CODE_STRIPPING = YES;
				DEVELOPMENT_ASSET_PATHS = "\"ScratchPad/Preview Content\"";
				ENABLE_APP_SANDBOX = YES;
				ENABLE_HARDENED_RUNTIME = YES;
				ENABLE_INCOMING_NETWORK_CONNECTIONS = YES;
				ENABLE_OUTGOING_NETWORK_CONNECTIONS = YES;
				ENABLE_PREVIEWS = YES;
				ENABLE_USER_SELECTED_FILES = readwrite;
				GENERATE_INFOPLIST_FILE = YES;
				INFOPLIST_FILE = ScratchPad/Info.plist;
				INFOPLIST_KEY_CFBundleDisplayName = ScratchPad;
				INFOPLIST_KEY_LSApplicationCategoryType = "public.app-category.productivity";
				INFOPLIST_KEY_NSHumanReadableCopyright = "";
				LD_RUNPATH_SEARCH_PATHS = (
					"$(inherited)",
					"@executable_path/../Frameworks",
				);
				MACOSX_DEPLOYMENT_TARGET = 26.0;
				MARKETING_VERSION = 2.0;
				PRODUCT_BUNDLE_IDENTIFIER = com.alexseifert.ScratchPad;
				PRODUCT_NAME = "$(TARGET_NAME)";
				SWIFT_EMIT_LOC_STRINGS = YES;
				SWIFT_VERSION = 5.0;
			};
			name = Debug;
		};
		93FE2E8F29433D7B00C07F70 /* Release */ = {
			isa = XCBuildConfiguration;
			buildSettings = {
				ASSETCATALOG_COMPILER_APPICON_NAME = AppIcon;
				ASSETCATALOG_COMPILER_GLOBAL_ACCENT_COLOR_NAME = AccentColor;
				CODE_SIGN_ENTITLEMENTS = ScratchPad/ScratchPad.entitlements;
				CODE_SIGN_STYLE = Automatic;
				COMBINE_HIDPI_IMAGES = YES;
				CURRENT_PROJECT_VERSION = 20262002.2;
				DEAD_CODE_STRIPPING = YES;
				DEVELOPMENT_ASSET_PATHS = "\"ScratchPad/Preview Content\"";
				ENABLE_APP_SANDBOX = YES;
				ENABLE_HARDENED_RUNTIME = YES;
				ENABLE_INCOMING_NETWORK_CONNECTIONS = YES;
				ENABLE_OUTGOING_NETWORK_CONNECTIONS = YES;
				ENABLE_PREVIEWS = YES;
				ENABLE_USER_SELECTED_FILES = readwrite;
				GENERATE_INFOPLIST_FILE = YES;
				INFOPLIST_FILE = ScratchPad/Info.plist;
				INFOPLIST_KEY_CFBundleDisplayName = ScratchPad;
				INFOPLIST_KEY_LSApplicationCategoryType = "public.app-category.productivity";
				INFOPLIST_KEY_NSHumanReadableCopyright = "";
				LD_RUNPATH_SEARCH_PATHS = (
					"$(inherited)",
					"@executable_path/../Frameworks",
				);
				MACOSX_DEPLOYMENT_TARGET = 26.0;
				MARKETING_VERSION = 2.0;
				PRODUCT_BUNDLE_IDENTIFIER = com.alexseifert.ScratchPad;
				PRODUCT_NAME = "$(TARGET_NAME)";
				SWIFT_EMIT_LOC_STRINGS = YES;
				SWIFT_VERSION = 5.0;
			};
			name = Release;
		};
/* End XCBuildConfiguration section */

/* Begin XCConfigurationList section */
		93FE2E7929433D7900C07F70 /* Build configuration list for PBXProject "ScratchPad" */ = {
			isa = XCConfigurationList;
			buildConfigurations = (
				93FE2E8B29433D7B00C07F70 /* Debug */,
				93FE2E8C29433D7B00C07F70 /* Release */,
			);
			defaultConfigurationIsVisible = 0;
			defaultConfigurationName = Release;
		};
		93FE2E8D29433D7B00C07F70 /* Build configuration list for PBXNativeTarget "ScratchPad" */ = {
			isa = XCConfigurationList;
			buildConfigurations = (
				93FE2E8E29433D7B00C07F70 /* Debug */,
				93FE2E8F29433D7B00C07F70 /* Release */,
			);
			defaultConfigurationIsVisible = 0;
			defaultConfigurationName = Release;
		};
/* End XCConfigurationList section */
	};
	rootObject = 93FE2E7629433D7900C07F70 /* Project object */;
}
